
Microsoft Visual Studio Solution File, Format Version 12.00
# Visual Studio Version 16
VisualStudioVersion = 16.0.28902.138
MinimumVisualStudioVersion = 10.0.40219.1
Project("{9A19103F-16F7-4668-BE54-9A1E7A4F7556}") = "PetrsUrlShortener", "UrlShortener.Web\PetrsUrlShortener.csproj", "{34C6C33F-B6C2-446D-B8BC-08AEA52405C5}"
EndProject
Project("{9A19103F-16F7-4668-BE54-9A1E7A4F7556}") = "UrlShortener.Abstractions", "UrlShortener.Abstractions\UrlShortener.Abstractions.csproj", "{D6F9EF20-6FA4-4173-870F-0963A677FCD3}"
EndProject
Project("{9A19103F-16F7-4668-BE54-9A1E7A4F7556}") = "UrlShortener.Data.Sqlite", "UrlShortener.Data.Sqlite\UrlShortener.Data.Sqlite.csproj", "{4A775DFA-86DF-4B9A-851E-DDCC4AE5E9B9}"
EndProject
Project("{9A19103F-16F7-4668-BE54-9A1E7A4F7556}") = "UrlShortener.Shortener", "UrlShortener.Shortener\UrlShortener.Shortener.csproj", "{94C1F5CB-5B48-453E-878A-43713CE1FF55}"
EndProject
Global
	GlobalSection(SolutionConfigurationPlatforms) = preSolution
		Debug|Any CPU = Debug|Any CPU
		Release|Any CPU = Release|Any CPU
	EndGlobalSection
	GlobalSection(ProjectConfigurationPlatforms) = postSolution
		{34C6C33F-B6C2-446D-B8BC-08AEA52405C5}.Debug|Any CPU.ActiveCfg = Debug|Any CPU
		{34C6C33F-B6C2-446D-B8BC-08AEA52405C5}.Debug|Any CPU.Build.0 = Debug|Any CPU
		{34C6C33F-B6C2-446D-B8BC-08AEA52405C5}.Release|Any CPU.ActiveCfg = Release|Any CPU
		{34C6C33F-B6C2-446D-B8BC-08AEA52405C5}.Release|Any CPU.Build.0 = Release|Any CPU
		{D6F9EF20-6FA4-4173-870F-0963A677FCD3}.Debug|Any CPU.ActiveCfg = Debug|Any CPU
		{D6F9EF20-6FA4-4173-870F-0963A677FCD3}.Debug|Any CPU.Build.0 = Debug|Any CPU
		{D6F9EF20-6FA4-4173-870F-0963A677FCD3}.Release|Any CPU.ActiveCfg = Release|Any CPU
		{D6F9EF20-6FA4-4173-870F-0963A677FCD3}.Release|Any CPU.Build.0 = Release|Any CPU
		{4A775DFA-86DF-4B9A-851E-DDCC4AE5E9B9}.Debug|Any CPU.ActiveCfg = Debug|Any CPU
		{4A775DFA-86DF-4B9A-851E-DDCC4AE5E9B9}.Debug|Any CPU.Build.0 = Debug|Any CPU
		{4A775DFA-86DF-4B9A-851E-DDCC4AE5E9B9}.Release|Any CPU.ActiveCfg = Release|Any CPU
		{4A775DFA-86DF-4B9A-851E-DDCC4AE5E9B9}.Release|Any CPU.Build.0 = Release|Any CPU
		{94C1F5CB-5B48-453E-878A-43713CE1FF55}.Debug|Any CPU.ActiveCfg = Debug|Any CPU
		{94C1F5CB-5B48-453E-878A-43713CE1FF55}.Debug|Any CPU.Build.0 = Debug|Any CPU
		{94C1F5CB-5B48-453E-878A-43713CE1FF55}.Release|Any CPU.ActiveCfg = Release|Any CPU
		{94C1F5CB-5B48-453E-878A-43713CE1FF55}.Release|Any CPU.Build.0 = Release|Any CPU
	EndGlobalSection
	GlobalSection(SolutionProperties) = preSolution
		HideSolutionNode = FALSE
	EndGlobalSection
	GlobalSection(ExtensibilityGlobals) = postSolution
		SolutionGuid = {972A7870-D024-4337-9626-AF3E94B081EE}
	EndGlobalSection
EndGlobal
